
Microsoft Visual Studio Solution File, Format Version 12.00
# Visual Studio Version 17
VisualStudioVersion = 17.0.31912.275
MinimumVisualStudioVersion = 10.0.40219.1
Project("{8BC9CEB8-8B4A-11D0-8D11-00A0C91BC942}") = "Task_2", "Task_2\Task_2.vcxproj", "{2309CE8A-8D50-4834-B581-538C1FF2AA06}"
EndProject
Global
	GlobalSection(SolutionConfigurationPlatforms) = preSolution
		Debug|x64 = Debug|x64
		Debug|x86 = Debug|x86
		Release|x64 = Release|x64
		Release|x86 = Release|x86
	EndGlobalSection
	GlobalSection(ProjectConfigurationPlatforms) = postSolution
		{2309CE8A-8D50-4834-B581-538C1FF2AA06}.Debug|x64.ActiveCfg = Debug|x64
		{2309CE8A-8D50-4834-B581-538C1FF2AA06}.Debug|x64.Build.0 = Debug|x64
		{2309CE8A-8D50-4834-B581-538C1FF2AA06}.Debug|x86.ActiveCfg = Debug|Win32
		{2309CE8A-8D50-4834-B581-538C1FF2AA06}.Debug|x86.Build.0 = Debug|Win32
		{2309CE8A-8D50-4834-B581-538C1FF2AA06}.Release|x64.ActiveCfg = Release|x64
		{2309CE8A-8D50-4834-B581-538C1FF2AA06}.Release|x64.Build.0 = Release|x64
		{2309CE8A-8D50-4834-B581-538C1FF2AA06}.Release|x86.ActiveCfg = Release|Win32
		{2309CE8A-8D50-4834-B581-538C1FF2AA06}.Release|x86.Build.0 = Release|Win32
	EndGlobalSection
	GlobalSection(SolutionProperties) = preSolution
		HideSolutionNode = FALSE
	EndGlobalSection
	GlobalSection(ExtensibilityGlobals) = postSolution
		SolutionGuid = {B4E7CE3C-D5CD-4784-8DAB-06964CCA66AC}
	EndGlobalSection
EndGlobal
